// !$*UTF8*$!
{
	archiveVersion = 1;
	classes = {
	};
	objectVersion = 46;
	objects = {

/* Begin PBXBuildFile section */
		52024E051BA27F680030EEA8 /* WSAnimationItemModel.m in Sources */ = {isa = PBXBuildFile; fileRef = 52024E041BA27F680030EEA8 /* WSAnimationItemModel.m */; };
		52024E081BA2BCBF0030EEA8 /* README.md in Sources */ = {isa = PBXBuildFile; fileRef = 52024E071BA2BCBF0030EEA8 /* README.md */; };
		52060AAF1BA14CC60062AD60 /* main.m in Sources */ = {isa = PBXBuildFile; fileRef = 52060AAE1BA14CC60062AD60 /* main.m */; };
		52060AB21BA14CC70062AD60 /* AppDelegate.m in Sources */ = {isa = PBXBuildFile; fileRef = 52060AB11BA14CC70062AD60 /* AppDelegate.m */; };
		52060AB51BA14CC70062AD60 /* ViewController.m in Sources */ = {isa = PBXBuildFile; fileRef = 52060AB41BA14CC70062AD60 /* ViewController.m */; };
		52060AB81BA14CC70062AD60 /* Main.storyboard in Resources */ = {isa = PBXBuildFile; fileRef = 52060AB61BA14CC70062AD60 /* Main.storyboard */; };
		52060ABA1BA14CC70062AD60 /* Images.xcassets in Resources */ = {isa = PBXBuildFile; fileRef = 52060AB91BA14CC70062AD60 /* Images.xcassets */; };
		52060ABD1BA14CC70062AD60 /* LaunchScreen.xib in Resources */ = {isa = PBXBuildFile; fileRef = 52060ABB1BA14CC70062AD60 /* LaunchScreen.xib */; };
		52060AC91BA14CC70062AD60 /* WSSlideTabView_DemoTests.m in Sources */ = {isa = PBXBuildFile; fileRef = 52060AC81BA14CC70062AD60 /* WSSlideTabView_DemoTests.m */; };
		52060AE11BA184B20062AD60 /* WSAnimationTabView.m in Sources */ = {isa = PBXBuildFile; fileRef = 52060AE01BA184B20062AD60 /* WSAnimationTabView.m */; };
		52060AE51BA18A430062AD60 /* WSAnimationTabButton.m in Sources */ = {isa = PBXBuildFile; fileRef = 52060AE41BA18A430062AD60 /* WSAnimationTabButton.m */; };
		52060AE81BA18AFB0062AD60 /* WSAnimationItemView.m in Sources */ = {isa = PBXBuildFile; fileRef = 52060AE71BA18AFB0062AD60 /* WSAnimationItemView.m */; };
		524EF8EC1BAA88400032B4D0 /* UIView+Animation.m in Sources */ = {isa = PBXBuildFile; fileRef = 524EF8EB1BAA88400032B4D0 /* UIView+Animation.m */; settings = {ASSET_TAGS = (); }; };
		FED763371BA1BA1200DA0C5F /* UIView+Utils.m in Sources */ = {isa = PBXBuildFile; fileRef = FED763361BA1BA1200DA0C5F /* UIView+Utils.m */; };
		FED7633A1BA1BB8A00DA0C5F /* WSAnimationIndicatorView.m in Sources */ = {isa = PBXBuildFile; fileRef = FED763391BA1BB8A00DA0C5F /* WSAnimationIndicatorView.m */; };
/* End PBXBuildFile section */

/* Begin PBXContainerItemProxy section */
		52060AC31BA14CC70062AD60 /* PBXContainerItemProxy */ = {
			isa = PBXContainerItemProxy;
			containerPortal = 52060AA11BA14CC60062AD60 /* Project object */;
			proxyType = 1;
			remoteGlobalIDString = 52060AA81BA14CC60062AD60;
			remoteInfo = "WSSlideTabView-Demo";
		};
/* End PBXContainerItemProxy section */

/* Begin PBXFileReference section */
		52024E031BA27F680030EEA8 /* WSAnimationItemModel.h */ = {isa = PBXFileReference; fileEncoding = 4; lastKnownFileType = sourcecode.c.h; name = WSAnimationItemModel.h; path = WSAnimationTabView/WSAnimationItemModel.h; sourceTree = "<group>"; };
		52024E041BA27F680030EEA8 /* WSAnimationItemModel.m */ = {isa = PBXFileReference; fileEncoding = 4; lastKnownFileType = sourcecode.c.objc; name = WSAnimationItemModel.m; path = WSAnimationTabView/WSAnimationItemModel.m; sourceTree = "<group>"; };
		52024E061BA27FA40030EEA8 /* WSAnimationItemProtocol.h */ = {isa = PBXFileReference; fileEncoding = 4; lastKnownFileType = sourcecode.c.h; name = WSAnimationItemProtocol.h; path = WSAnimationTabView/WSAnimationItemProtocol.h; sourceTree = "<group>"; };
		52024E071BA2BCBF0030EEA8 /* README.md */ = {isa = PBXFileReference; fileEncoding = 4; lastKnownFileType = net.daringfireball.markdown; name = README.md; path = ../README.md; sourceTree = "<group>"; };
		52060AA91BA14CC60062AD60 /* WSSlideTabView-Demo.app */ = {isa = PBXFileReference; explicitFileType = wrapper.application; includeInIndex = 0; path = "WSSlideTabView-Demo.app"; sourceTree = BUILT_PRODUCTS_DIR; };
		52060AAD1BA14CC60062AD60 /* Info.plist */ = {isa = PBXFileReference; lastKnownFileType = text.plist.xml; path = Info.plist; sourceTree = "<group>"; };
		52060AAE1BA14CC60062AD60 /* main.m */ = {isa = PBXFileReference; lastKnownFileType = sourcecode.c.objc; path = main.m; sourceTree = "<group>"; };
		52060AB01BA14CC70062AD60 /* AppDelegate.h */ = {isa = PBXFileReference; lastKnownFileType = sourcecode.c.h; path = AppDelegate.h; sourceTree = "<group>"; };
		52060AB11BA14CC70062AD60 /* AppDelegate.m */ = {isa = PBXFileReference; lastKnownFileType = sourcecode.c.objc; path = AppDelegate.m; sourceTree = "<group>"; };
		52060AB31BA14CC70062AD60 /* ViewController.h */ = {isa = PBXFileReference; lastKnownFileType = sourcecode.c.h; path = ViewController.h; sourceTree = "<group>"; };
		52060AB41BA14CC70062AD60 /* ViewController.m */ = {isa = PBXFileReference; lastKnownFileType = sourcecode.c.objc; path = ViewController.m; sourceTree = "<group>"; };
		52060AB71BA14CC70062AD60 /* Base */ = {isa = PBXFileReference; lastKnownFileType = file.storyboard; name = Base; path = Base.lproj/Main.storyboard; sourceTree = "<group>"; };
		52060AB91BA14CC70062AD60 /* Images.xcassets */ = {isa = PBXFileReference; lastKnownFileType = folder.assetcatalog; path = Images.xcassets; sourceTree = "<group>"; };
		52060ABC1BA14CC70062AD60 /* Base */ = {isa = PBXFileReference; lastKnownFileType = file.xib; name = Base; path = Base.lproj/LaunchScreen.xib; sourceTree = "<group>"; };
		52060AC21BA14CC70062AD60 /* WSSlideTabView-DemoTests.xctest */ = {isa = PBXFileReference; explicitFileType = wrapper.cfbundle; includeInIndex = 0; path = "WSSlideTabView-DemoTests.xctest"; sourceTree = BUILT_PRODUCTS_DIR; };
		52060AC71BA14CC70062AD60 /* Info.plist */ = {isa = PBXFileReference; lastKnownFileType = text.plist.xml; path = Info.plist; sourceTree = "<group>"; };
		52060AC81BA14CC70062AD60 /* WSSlideTabView_DemoTests.m */ = {isa = PBXFileReference; lastKnownFileType = sourcecode.c.objc; path = WSSlideTabView_DemoTests.m; sourceTree = "<group>"; };
		52060ADF1BA184B20062AD60 /* WSAnimationTabView.h */ = {isa = PBXFileReference; fileEncoding = 4; lastKnownFileType = sourcecode.c.h; name = WSAnimationTabView.h; path = WSAnimationTabView/WSAnimationTabView.h; sourceTree = "<group>"; };
		52060AE01BA184B20062AD60 /* WSAnimationTabView.m */ = {isa = PBXFileReference; fileEncoding = 4; lastKnownFileType = sourcecode.c.objc; name = WSAnimationTabView.m; path = WSAnimationTabView/WSAnimationTabView.m; sourceTree = "<group>"; };
		52060AE31BA18A430062AD60 /* WSAnimationTabButton.h */ = {isa = PBXFileReference; fileEncoding = 4; lastKnownFileType = sourcecode.c.h; name = WSAnimationTabButton.h; path = WSAnimationTabView/WSAnimationTabButton.h; sourceTree = "<group>"; };
		52060AE41BA18A430062AD60 /* WSAnimationTabButton.m */ = {isa = PBXFileReference; fileEncoding = 4; lastKnownFileType = sourcecode.c.objc; name = WSAnimationTabButton.m; path = WSAnimationTabView/WSAnimationTabButton.m; sourceTree = "<group>"; };
		52060AE61BA18AFB0062AD60 /* WSAnimationItemView.h */ = {isa = PBXFileReference; fileEncoding = 4; lastKnownFileType = sourcecode.c.h; name = WSAnimationItemView.h; path = WSAnimationTabView/WSAnimationItemView.h; sourceTree = "<group>"; };
		52060AE71BA18AFB0062AD60 /* WSAnimationItemView.m */ = {isa = PBXFileReference; fileEncoding = 4; lastKnownFileType = sourcecode.c.objc; name = WSAnimationItemView.m; path = WSAnimationTabView/WSAnimationItemView.m; sourceTree = "<group>"; };
		524EF8EA1BAA88400032B4D0 /* UIView+Animation.h */ = {isa = PBXFileReference; fileEncoding = 4; lastKnownFileType = sourcecode.c.h; name = "UIView+Animation.h"; path = "WSAnimationTabView/UIView+Animation.h"; sourceTree = "<group>"; };
		524EF8EB1BAA88400032B4D0 /* UIView+Animation.m */ = {isa = PBXFileReference; fileEncoding = 4; lastKnownFileType = sourcecode.c.objc; name = "UIView+Animation.m"; path = "WSAnimationTabView/UIView+Animation.m"; sourceTree = "<group>"; };
		FED763351BA1BA1200DA0C5F /* UIView+Utils.h */ = {isa = PBXFileReference; fileEncoding = 4; lastKnownFileType = sourcecode.c.h; path = "UIView+Utils.h"; sourceTree = "<group>"; };
		FED763361BA1BA1200DA0C5F /* UIView+Utils.m */ = {isa = PBXFileReference; fileEncoding = 4; lastKnownFileType = sourcecode.c.objc; path = "UIView+Utils.m"; sourceTree = "<group>"; };
		FED763381BA1BB8A00DA0C5F /* WSAnimationIndicatorView.h */ = {isa = PBXFileReference; fileEncoding = 4; lastKnownFileType = sourcecode.c.h; name = WSAnimationIndicatorView.h; path = WSAnimationTabView/WSAnimationIndicatorView.h; sourceTree = "<group>"; };
		FED763391BA1BB8A00DA0C5F /* WSAnimationIndicatorView.m */ = {isa = PBXFileReference; fileEncoding = 4; lastKnownFileType = sourcecode.c.objc; name = WSAnimationIndicatorView.m; path = WSAnimationTabView/WSAnimationIndicatorView.m; sourceTree = "<group>"; };
/* End PBXFileReference section */

/* Begin PBXFrameworksBuildPhase section */
		52060AA61BA14CC60062AD60 /* Frameworks */ = {
			isa = PBXFrameworksBuildPhase;
			buildActionMask = 2147483647;
			files = (
			);
			runOnlyForDeploymentPostprocessing = 0;
		};
		52060ABF1BA14CC70062AD60 /* Frameworks */ = {
			isa = PBXFrameworksBuildPhase;
			buildActionMask = 2147483647;
			files = (
			);
			runOnlyForDeploymentPostprocessing = 0;
		};
/* End PBXFrameworksBuildPhase section */

/* Begin PBXGroup section */
		52060AA01BA14CC60062AD60 = {
			isa = PBXGroup;
			children = (
				52024E071BA2BCBF0030EEA8 /* README.md */,
				52060AAB1BA14CC60062AD60 /* WSSlideTabView-Demo */,
				52060AC51BA14CC70062AD60 /* WSSlideTabView-DemoTests */,
				52060AAA1BA14CC60062AD60 /* Products */,
			);
			sourceTree = "<group>";
		};
		52060AAA1BA14CC60062AD60 /* Products */ = {
			isa = PBXGroup;
			children = (
				52060AA91BA14CC60062AD60 /* WSSlideTabView-Demo.app */,
				52060AC21BA14CC70062AD60 /* WSSlideTabView-DemoTests.xctest */,
			);
			name = Products;
			sourceTree = "<group>";
		};
		52060AAB1BA14CC60062AD60 /* WSSlideTabView-Demo */ = {
			isa = PBXGroup;
			children = (
				52060AB01BA14CC70062AD60 /* AppDelegate.h */,
				52060AB11BA14CC70062AD60 /* AppDelegate.m */,
				52060AB31BA14CC70062AD60 /* ViewController.h */,
				52060AB41BA14CC70062AD60 /* ViewController.m */,
				52060AE21BA184BD0062AD60 /* WSAnimationTabView */,
				52060AB61BA14CC70062AD60 /* Main.storyboard */,
				52060AB91BA14CC70062AD60 /* Images.xcassets */,
				52060ABB1BA14CC70062AD60 /* LaunchScreen.xib */,
				52060AAC1BA14CC60062AD60 /* Supporting Files */,
			);
			path = "WSSlideTabView-Demo";
			sourceTree = "<group>";
		};
		52060AAC1BA14CC60062AD60 /* Supporting Files */ = {
			isa = PBXGroup;
			children = (
				52060AAD1BA14CC60062AD60 /* Info.plist */,
				52060AAE1BA14CC60062AD60 /* main.m */,
			);
			name = "Supporting Files";
			sourceTree = "<group>";
		};
		52060AC51BA14CC70062AD60 /* WSSlideTabView-DemoTests */ = {
			isa = PBXGroup;
			children = (
				52060AC81BA14CC70062AD60 /* WSSlideTabView_DemoTests.m */,
				52060AC61BA14CC70062AD60 /* Supporting Files */,
			);
			path = "WSSlideTabView-DemoTests";
			sourceTree = "<group>";
		};
		52060AC61BA14CC70062AD60 /* Supporting Files */ = {
			isa = PBXGroup;
			children = (
				52060AC71BA14CC70062AD60 /* Info.plist */,
			);
			name = "Supporting Files";
			sourceTree = "<group>";
		};
		52060AE21BA184BD0062AD60 /* WSAnimationTabView */ = {
			isa = PBXGroup;
			children = (
				FED763351BA1BA1200DA0C5F /* UIView+Utils.h */,
				FED763361BA1BA1200DA0C5F /* UIView+Utils.m */,
				52024E061BA27FA40030EEA8 /* WSAnimationItemProtocol.h */,
				52060ADF1BA184B20062AD60 /* WSAnimationTabView.h */,
				52060AE01BA184B20062AD60 /* WSAnimationTabView.m */,
				52024E031BA27F680030EEA8 /* WSAnimationItemModel.h */,
				52024E041BA27F680030EEA8 /* WSAnimationItemModel.m */,
				FED763381BA1BB8A00DA0C5F /* WSAnimationIndicatorView.h */,
				FED763391BA1BB8A00DA0C5F /* WSAnimationIndicatorView.m */,
				52060AE61BA18AFB0062AD60 /* WSAnimationItemView.h */,
				52060AE71BA18AFB0062AD60 /* WSAnimationItemView.m */,
				52060AE31BA18A430062AD60 /* WSAnimationTabButton.h */,
				52060AE41BA18A430062AD60 /* WSAnimationTabButton.m */,
				524EF8EA1BAA88400032B4D0 /* UIView+Animation.h */,
				524EF8EB1BAA88400032B4D0 /* UIView+Animation.m */,
			);
			name = WSAnimationTabView;
			sourceTree = "<group>";
		};
/* End PBXGroup section */

/* Begin PBXNativeTarget section */
		52060AA81BA14CC60062AD60 /* WSSlideTabView-Demo */ = {
			isa = PBXNativeTarget;
			buildConfigurationList = 52060ACC1BA14CC70062AD60 /* Build configuration list for PBXNativeTarget "WSSlideTabView-Demo" */;
			buildPhases = (
				52060AA51BA14CC60062AD60 /* Sources */,
				52060AA61BA14CC60062AD60 /* Frameworks */,
				52060AA71BA14CC60062AD60 /* Resources */,
			);
			buildRules = (
			);
			dependencies = (
			);
			name = "WSSlideTabView-Demo";
			productName = "WSSlideTabView-Demo";
			productReference = 52060AA91BA14CC60062AD60 /* WSSlideTabView-Demo.app */;
			productType = "com.apple.product-type.application";
		};
		52060AC11BA14CC70062AD60 /* WSSlideTabView-DemoTests */ = {
			isa = PBXNativeTarget;
			buildConfigurationList = 52060ACF1BA14CC70062AD60 /* Build configuration list for PBXNativeTarget "WSSlideTabView-DemoTests" */;
			buildPhases = (
				52060ABE1BA14CC70062AD60 /* Sources */,
				52060ABF1BA14CC70062AD60 /* Frameworks */,
				52060AC01BA14CC70062AD60 /* Resources */,
			);
			buildRules = (
			);
			dependencies = (
				52060AC41BA14CC70062AD60 /* PBXTargetDependency */,
			);
			name = "WSSlideTabView-DemoTests";
			productName = "WSSlideTabView-DemoTests";
			productReference = 52060AC21BA14CC70062AD60 /* WSSlideTabView-DemoTests.xctest */;
			productType = "com.apple.product-type.bundle.unit-test";
		};
/* End PBXNativeTarget section */

/* Begin PBXProject section */
		52060AA11BA14CC60062AD60 /* Project object */ = {
			isa = PBXProject;
			attributes = {
				LastUpgradeCheck = 0640;
				ORGANIZATIONNAME = "wilson-yuan";
				TargetAttributes = {
					52060AA81BA14CC60062AD60 = {
						CreatedOnToolsVersion = 6.4;
					};
					52060AC11BA14CC70062AD60 = {
						CreatedOnToolsVersion = 6.4;
						TestTargetID = 52060AA81BA14CC60062AD60;
					};
				};
			};
			buildConfigurationList = 52060AA41BA14CC60062AD60 /* Build configuration list for PBXProject "WSSlideTabView-Demo" */;
			compatibilityVersion = "Xcode 3.2";
			developmentRegion = English;
			hasScannedForEncodings = 0;
			knownRegions = (
				en,
				Base,
			);
			mainGroup = 52060AA01BA14CC60062AD60;
			productRefGroup = 52060AAA1BA14CC60062AD60 /* Products */;
			projectDirPath = "";
			projectRoot = "";
			targets = (
				52060AA81BA14CC60062AD60 /* WSSlideTabView-Demo */,
				52060AC11BA14CC70062AD60 /* WSSlideTabView-DemoTests */,
			);
		};
/* End PBXProject section */

/* Begin PBXResourcesBuildPhase section */
		52060AA71BA14CC60062AD60 /* Resources */ = {
			isa = PBXResourcesBuildPhase;
			buildActionMask = 2147483647;
			files = (
				52060AB81BA14CC70062AD60 /* Main.storyboard in Resources */,
				52060ABD1BA14CC70062AD60 /* LaunchScreen.xib in Resources */,
				52060ABA1BA14CC70062AD60 /* Images.xcassets in Resources */,
			);
			runOnlyForDeploymentPostprocessing = 0;
		};
		52060AC01BA14CC70062AD60 /* Resources */ = {
			isa = PBXResourcesBuildPhase;
			buildActionMask = 2147483647;
			files = (
			);
			runOnlyForDeploymentPostprocessing = 0;
		};
/* End PBXResourcesBuildPhase section */

/* Begin PBXSourcesBuildPhase section */
		52060AA51BA14CC60062AD60 /* Sources */ = {
			isa = PBXSourcesBuildPhase;
			buildActionMask = 2147483647;
			files = (
				52060AE11BA184B20062AD60 /* WSAnimationTabView.m in Sources */,
				FED7633A1BA1BB8A00DA0C5F /* WSAnimationIndicatorView.m in Sources */,
				52060AB51BA14CC70062AD60 /* ViewController.m in Sources */,
				52024E081BA2BCBF0030EEA8 /* README.md in Sources */,
				52060AB21BA14CC70062AD60 /* AppDelegate.m in Sources */,
				524EF8EC1BAA88400032B4D0 /* UIView+Animation.m in Sources */,
				52060AAF1BA14CC60062AD60 /* main.m in Sources */,
				52024E051BA27F680030EEA8 /* WSAnimationItemModel.m in Sources */,
				52060AE51BA18A430062AD60 /* WSAnimationTabButton.m in Sources */,
				52060AE81BA18AFB0062AD60 /* WSAnimationItemView.m in Sources */,
				FED763371BA1BA1200DA0C5F /* UIView+Utils.m in Sources */,
			);
			runOnlyForDeploymentPostprocessing = 0;
		};
		52060ABE1BA14CC70062AD60 /* Sources */ = {
			isa = PBXSourcesBuildPhase;
			buildActionMask = 2147483647;
			files = (
				52060AC91BA14CC70062AD60 /* WSSlideTabView_DemoTests.m in Sources */,
			);
			runOnlyForDeploymentPostprocessing = 0;
		};
/* End PBXSourcesBuildPhase section */

/* Begin PBXTargetDependency section */
		52060AC41BA14CC70062AD60 /* PBXTargetDependency */ = {
			isa = PBXTargetDependency;
			target = 52060AA81BA14CC60062AD60 /* WSSlideTabView-Demo */;
			targetProxy = 52060AC31BA14CC70062AD60 /* PBXContainerItemProxy */;
		};
/* End PBXTargetDependency section */

/* Begin PBXVariantGroup section */
		52060AB61BA14CC70062AD60 /* Main.storyboard */ = {
			isa = PBXVariantGroup;
			children = (
				52060AB71BA14CC70062AD60 /* Base */,
			);
			name = Main.storyboard;
			sourceTree = "<group>";
		};
		52060ABB1BA14CC70062AD60 /* LaunchScreen.xib */ = {
			isa = PBXVariantGroup;
			children = (
				52060ABC1BA14CC70062AD60 /* Base */,
			);
			name = LaunchScreen.xib;
			sourceTree = "<group>";
		};
/* End PBXVariantGroup section */

/* Begin XCBuildConfiguration section */
		52060ACA1BA14CC70062AD60 /* Debug */ = {
			isa = XCBuildConfiguration;
			buildSettings = {
				ALWAYS_SEARCH_USER_PATHS = NO;
				CLANG_CXX_LANGUAGE_STANDARD = "gnu++0x";
				CLANG_CXX_LIBRARY = "libc++";
				CLANG_ENABLE_MODULES = YES;
				CLANG_ENABLE_OBJC_ARC = YES;
				CLANG_WARN_BOOL_CONVERSION = YES;
				CLANG_WARN_CONSTANT_CONVERSION = YES;
				CLANG_WARN_DIRECT_OBJC_ISA_USAGE = YES_ERROR;
				CLANG_WARN_EMPTY_BODY = YES;
				CLANG_WARN_ENUM_CONVERSION = YES;
				CLANG_WARN_INT_CONVERSION = YES;
				CLANG_WARN_OBJC_ROOT_CLASS = YES_ERROR;
				CLANG_WARN_UNREACHABLE_CODE = YES;
				CLANG_WARN__DUPLICATE_METHOD_MATCH = YES;
				"CODE_SIGN_IDENTITY[sdk=iphoneos*]" = "iPhone Developer";
				COPY_PHASE_STRIP = NO;
				DEBUG_INFORMATION_FORMAT = "dwarf-with-dsym";
				ENABLE_STRICT_OBJC_MSGSEND = YES;
				GCC_C_LANGUAGE_STANDARD = gnu99;
				GCC_DYNAMIC_NO_PIC = NO;
				GCC_NO_COMMON_BLOCKS = YES;
				GCC_OPTIMIZATION_LEVEL = 0;
				GCC_PREPROCESSOR_DEFINITIONS = (
					"DEBUG=1",
					"$(inherited)",
				);
				GCC_SYMBOLS_PRIVATE_EXTERN = NO;
				GCC_WARN_64_TO_32_BIT_CONVERSION = YES;
				GCC_WARN_ABOUT_RETURN_TYPE = YES_ERROR;
				GCC_WARN_UNDECLARED_SELECTOR = YES;
				GCC_WARN_UNINITIALIZED_AUTOS = YES_AGGRESSIVE;
				GCC_WARN_UNUSED_FUNCTION = YES;
				GCC_WARN_UNUSED_VARIABLE = YES;
				IPHONEOS_DEPLOYMENT_TARGET = 8.4;
				MTL_ENABLE_DEBUG_INFO = YES;
				ONLY_ACTIVE_ARCH = YES;
				SDKROOT = iphoneos;
			};
			name = Debug;
		};
		52060ACB1BA14CC70062AD60 /* Release */ = {
			isa = XCBuildConfiguration;
			buildSettings = {
				ALWAYS_SEARCH_USER_PATHS = NO;
				CLANG_CXX_LANGUAGE_STANDARD = "gnu++0x";
				CLANG_CXX_LIBRARY = "libc++";
				CLANG_ENABLE_MODULES = YES;
				CLANG_ENABLE_OBJC_ARC = YES;
				CLANG_WARN_BOOL_CONVERSION = YES;
				CLANG_WARN_CONSTANT_CONVERSION = YES;
				CLANG_WARN_DIRECT_OBJC_ISA_USAGE = YES_ERROR;
				CLANG_WARN_EMPTY_BODY = YES;
				CLANG_WARN_ENUM_CONVERSION = YES;
				CLANG_WARN_INT_CONVERSION = YES;
				CLANG_WARN_OBJC_ROOT_CLASS = YES_ERROR;
				CLANG_WARN_UNREACHABLE_CODE = YES;
				CLANG_WARN__DUPLICATE_METHOD_MATCH = YES;
				"CODE_SIGN_IDENTITY[sdk=iphoneos*]" = "iPhone Developer";
				COPY_PHASE_STRIP = NO;
				DEBUG_INFORMATION_FORMAT = "dwarf-with-dsym";
				ENABLE_NS_ASSERTIONS = NO;
				ENABLE_STRICT_OBJC_MSGSEND = YES;
				GCC_C_LANGUAGE_STANDARD = gnu99;
				GCC_NO_COMMON_BLOCKS = YES;
				GCC_WARN_64_TO_32_BIT_CONVERSION = YES;
				GCC_WARN_ABOUT_RETURN_TYPE = YES_ERROR;
				GCC_WARN_UNDECLARED_SELECTOR = YES;
				GCC_WARN_UNINITIALIZED_AUTOS = YES_AGGRESSIVE;
				GCC_WARN_UNUSED_FUNCTION = YES;
				GCC_WARN_UNUSED_VARIABLE = YES;
				IPHONEOS_DEPLOYMENT_TARGET = 8.4;
				MTL_ENABLE_DEBUG_INFO = NO;
				SDKROOT = iphoneos;
				VALIDATE_PRODUCT = YES;
			};
			name = Release;
		};
		52060ACD1BA14CC70062AD60 /* Debug */ = {
			isa = XCBuildConfiguration;
			buildSettings = {
				ASSETCATALOG_COMPILER_APPICON_NAME = AppIcon;
				INFOPLIST_FILE = "WSSlideTabView-Demo/Info.plist";
				IPHONEOS_DEPLOYMENT_TARGET = 6.0;
				LD_RUNPATH_SEARCH_PATHS = "$(inherited) @executable_path/Frameworks";
				PRODUCT_NAME = "$(TARGET_NAME)";
			};
			name = Debug;
		};
		52060ACE1BA14CC70062AD60 /* Release */ = {
			isa = XCBuildConfiguration;
			buildSettings = {
				ASSETCATALOG_COMPILER_APPICON_NAME = AppIcon;
				INFOPLIST_FILE = "WSSlideTabView-Demo/Info.plist";
				IPHONEOS_DEPLOYMENT_TARGET = 6.0;
				LD_RUNPATH_SEARCH_PATHS = "$(inherited) @executable_path/Frameworks";
				PRODUCT_NAME = "$(TARGET_NAME)";
			};
			name = Release;
		};
		52060AD01BA14CC70062AD60 /* Debug */ = {
			isa = XCBuildConfiguration;
			buildSettings = {
				BUNDLE_LOADER = "$(TEST_HOST)";
				FRAMEWORK_SEARCH_PATHS = (
					"$(SDKROOT)/Developer/Library/Frameworks",
					"$(inherited)",
				);
				GCC_PREPROCESSOR_DEFINITIONS = (
					"DEBUG=1",
					"$(inherited)",
				);
				INFOPLIST_FILE = "WSSlideTabView-DemoTests/Info.plist";
				LD_RUNPATH_SEARCH_PATHS = "$(inherited) @executable_path/Frameworks @loader_path/Frameworks";
				PRODUCT_NAME = "$(TARGET_NAME)";
				TEST_HOST = "$(BUILT_PRODUCTS_DIR)/WSSlideTabView-Demo.app/WSSlideTabView-Demo";
			};
			name = Debug;
		};
		52060AD11BA14CC70062AD60 /* Release */ = {
			isa = XCBuildConfiguration;
			buildSettings = {
				BUNDLE_LOADER = "$(TEST_HOST)";
				FRAMEWORK_SEARCH_PATHS = (
					"$(SDKROOT)/Developer/Library/Frameworks",
					"$(inherited)",
				);
				INFOPLIST_FILE = "WSSlideTabView-DemoTests/Info.plist";
				LD_RUNPATH_SEARCH_PATHS = "$(inherited) @executable_path/Frameworks @loader_path/Frameworks";
				PRODUCT_NAME = "$(TARGET_NAME)";
				TEST_HOST = "$(BUILT_PRODUCTS_DIR)/WSSlideTabView-Demo.app/WSSlideTabView-Demo";
			};
			name = Release;
		};
/* End XCBuildConfiguration section */

/* Begin XCConfigurationList section */
		52060AA41BA14CC60062AD60 /* Build configuration list for PBXProject "WSSlideTabView-Demo" */ = {
			isa = XCConfigurationList;
			buildConfigurations = (
				52060ACA1BA14CC70062AD60 /* Debug */,
				52060ACB1BA14CC70062AD60 /* Release */,
			);
			defaultConfigurationIsVisible = 0;
			defaultConfigurationName = Release;
		};
		52060ACC1BA14CC70062AD60 /* Build configuration list for PBXNativeTarget "WSSlideTabView-Demo" */ = {
			isa = XCConfigurationList;
			buildConfigurations = (
				52060ACD1BA14CC70062AD60 /* Debug */,
				52060ACE1BA14CC70062AD60 /* Release */,
			);
			defaultConfigurationIsVisible = 0;
			defaultConfigurationName = Release;
		};
		52060ACF1BA14CC70062AD60 /* Build configuration list for PBXNativeTarget "WSSlideTabView-DemoTests" */ = {
			isa = XCConfigurationList;
			buildConfigurations = (
				52060AD01BA14CC70062AD60 /* Debug */,
				52060AD11BA14CC70062AD60 /* Release */,
			);
			defaultConfigurationIsVisible = 0;
			defaultConfigurationName = Release;
		};
/* End XCConfigurationList section */
	};
	rootObject = 52060AA11BA14CC60062AD60 /* Project object */;
}
